
Microsoft Visual Studio Solution File, Format Version 12.00
# Visual Studio Version 17
VisualStudioVersion = 17.3.32901.215
MinimumVisualStudioVersion = 10.0.40219.1
Project("{FAE04EC0-301F-11D3-BF4B-00C04F79EFBC}") = "Hello World!", "Hello World!.csproj", "{372BA7EE-70B7-4B9E-83CF-5F821C2F7DDD}"
EndProject
Global
	GlobalSection(SolutionConfigurationPlatforms) = preSolution
		Debug|Any CPU = Debug|Any CPU
		Release|Any CPU = Release|Any CPU
	EndGlobalSection
	GlobalSection(ProjectConfigurationPlatforms) = postSolution
		{372BA7EE-70B7-4B9E-83CF-5F821C2F7DDD}.Debug|Any CPU.ActiveCfg = Debug|Any CPU
		{372BA7EE-70B7-4B9E-83CF-5F821C2F7DDD}.Debug|Any CPU.Build.0 = Debug|Any CPU
		{372BA7EE-70B7-4B9E-83CF-5F821C2F7DDD}.Release|Any CPU.ActiveCfg = Release|Any CPU
		{372BA7EE-70B7-4B9E-83CF-5F821C2F7DDD}.Release|Any CPU.Build.0 = Release|Any CPU
	EndGlobalSection
	GlobalSection(SolutionProperties) = preSolution
		HideSolutionNode = FALSE
	EndGlobalSection
	GlobalSection(ExtensibilityGlobals) = postSolution
		SolutionGuid = {F81DE3A4-6CF8-4623-B0CC-6BE856972AF9}
	EndGlobalSection
EndGlobal
